
Microsoft Visual Studio Solution File, Format Version 12.00
# Visual Studio Version 17
VisualStudioVersion = 17.3.32825.248
MinimumVisualStudioVersion = 10.0.40219.1
Project("{FAE04EC0-301F-11D3-BF4B-00C04F79EFBC}") = "ChatApp.Blazor", "ChatApp.Blazor\ChatApp.Blazor.csproj", "{81129CB1-BE87-47ED-B883-744170151A9C}"
EndProject
Project("{FAE04EC0-301F-11D3-BF4B-00C04F79EFBC}") = "ChatApp.Api", "ChatApp.Api\ChatApp.Api.csproj", "{DD1E4151-4BFB-46E4-823C-ACB0A58944ED}"
EndProject
Global
	GlobalSection(SolutionConfigurationPlatforms) = preSolution
		Debug|Any CPU = Debug|Any CPU
		Release|Any CPU = Release|Any CPU
	EndGlobalSection
	GlobalSection(ProjectConfigurationPlatforms) = postSolution
		{81129CB1-BE87-47ED-B883-744170151A9C}.Debug|Any CPU.ActiveCfg = Debug|Any CPU
		{81129CB1-BE87-47ED-B883-744170151A9C}.Debug|Any CPU.Build.0 = Debug|Any CPU
		{81129CB1-BE87-47ED-B883-744170151A9C}.Release|Any CPU.ActiveCfg = Release|Any CPU
		{81129CB1-BE87-47ED-B883-744170151A9C}.Release|Any CPU.Build.0 = Release|Any CPU
		{DD1E4151-4BFB-46E4-823C-ACB0A58944ED}.Debug|Any CPU.ActiveCfg = Debug|Any CPU
		{DD1E4151-4BFB-46E4-823C-ACB0A58944ED}.Debug|Any CPU.Build.0 = Debug|Any CPU
		{DD1E4151-4BFB-46E4-823C-ACB0A58944ED}.Release|Any CPU.ActiveCfg = Release|Any CPU
		{DD1E4151-4BFB-46E4-823C-ACB0A58944ED}.Release|Any CPU.Build.0 = Release|Any CPU
	EndGlobalSection
	GlobalSection(SolutionProperties) = preSolution
		HideSolutionNode = FALSE
	EndGlobalSection
	GlobalSection(ExtensibilityGlobals) = postSolution
		SolutionGuid = {1EE41E93-3AB0-4259-B45C-EF9E9F4C1B35}
	EndGlobalSection
EndGlobal
